
Microsoft Visual Studio Solution File, Format Version 12.00
# Visual Studio Version 17
VisualStudioVersion = 17.7.34202.233
MinimumVisualStudioVersion = 10.0.40219.1
Project("{FAE04EC0-301F-11D3-BF4B-00C04F79EFBC}") = "ExcelUserControl", "ExcelUserControl.csproj", "{8FBCD38D-8E04-4404-B630-77A15DA9248D}"
EndProject
Global
	GlobalSection(SolutionConfigurationPlatforms) = preSolution
		Debug|Any CPU = Debug|Any CPU
		Release|Any CPU = Release|Any CPU
	EndGlobalSection
	GlobalSection(ProjectConfigurationPlatforms) = postSolution
		{8FBCD38D-8E04-4404-B630-77A15DA9248D}.Debug|Any CPU.ActiveCfg = Debug|Any CPU
		{8FBCD38D-8E04-4404-B630-77A15DA9248D}.Debug|Any CPU.Build.0 = Debug|Any CPU
		{8FBCD38D-8E04-4404-B630-77A15DA9248D}.Release|Any CPU.ActiveCfg = Release|Any CPU
		{8FBCD38D-8E04-4404-B630-77A15DA9248D}.Release|Any CPU.Build.0 = Release|Any CPU
	EndGlobalSection
	GlobalSection(SolutionProperties) = preSolution
		HideSolutionNode = FALSE
	EndGlobalSection
	GlobalSection(ExtensibilityGlobals) = postSolution
		SolutionGuid = {98113756-9965-4E8B-A055-DB4C44AFB436}
	EndGlobalSection
EndGlobal
